
Microsoft Visual Studio Solution File, Format Version 12.00
# Visual Studio 15
VisualStudioVersion = 15.0.27813.1
MinimumVisualStudioVersion = 10.0.40219.1
Project("{FAE04EC0-301F-11D3-BF4B-00C04F79EFBC}") = "ChangeFeedLibrarySample", "ChangeFeedLibrarySample\ChangeFeedLibrarySample.csproj", "{BA12F1E1-175F-484B-A330-976BFB1B24A1}"
EndProject
Global
	GlobalSection(SolutionConfigurationPlatforms) = preSolution
		Debug|Any CPU = Debug|Any CPU
		Release|Any CPU = Release|Any CPU
	EndGlobalSection
	GlobalSection(ProjectConfigurationPlatforms) = postSolution
		{BA12F1E1-175F-484B-A330-976BFB1B24A1}.Debug|Any CPU.ActiveCfg = Debug|Any CPU
		{BA12F1E1-175F-484B-A330-976BFB1B24A1}.Debug|Any CPU.Build.0 = Debug|Any CPU
		{BA12F1E1-175F-484B-A330-976BFB1B24A1}.Release|Any CPU.ActiveCfg = Release|Any CPU
		{BA12F1E1-175F-484B-A330-976BFB1B24A1}.Release|Any CPU.Build.0 = Release|Any CPU
	EndGlobalSection
	GlobalSection(SolutionProperties) = preSolution
		HideSolutionNode = FALSE
	EndGlobalSection
	GlobalSection(ExtensibilityGlobals) = postSolution
		SolutionGuid = {3ADCD240-DAB6-46CF-80B9-2DF0957B5AAD}
	EndGlobalSection
EndGlobal
